
Microsoft Visual Studio Solution File, Format Version 12.00
# Visual Studio Version 17
VisualStudioVersion = 17.14.36414.22 d17.14
MinimumVisualStudioVersion = 10.0.40219.1
Project("{FAE04EC0-301F-11D3-BF4B-00C04F79EFBC}") = "Responsi2", "Responsi2\Responsi2.csproj", "{66BCC7A2-D1D0-4166-AFF6-8E2F8A84AC06}"
EndProject
Global
	GlobalSection(SolutionConfigurationPlatforms) = preSolution
		Debug|Any CPU = Debug|Any CPU
		Release|Any CPU = Release|Any CPU
	EndGlobalSection
	GlobalSection(ProjectConfigurationPlatforms) = postSolution
		{66BCC7A2-D1D0-4166-AFF6-8E2F8A84AC06}.Debug|Any CPU.ActiveCfg = Debug|Any CPU
		{66BCC7A2-D1D0-4166-AFF6-8E2F8A84AC06}.Debug|Any CPU.Build.0 = Debug|Any CPU
		{66BCC7A2-D1D0-4166-AFF6-8E2F8A84AC06}.Release|Any CPU.ActiveCfg = Release|Any CPU
		{66BCC7A2-D1D0-4166-AFF6-8E2F8A84AC06}.Release|Any CPU.Build.0 = Release|Any CPU
	EndGlobalSection
	GlobalSection(SolutionProperties) = preSolution
		HideSolutionNode = FALSE
	EndGlobalSection
	GlobalSection(ExtensibilityGlobals) = postSolution
		SolutionGuid = {7A789827-849D-4647-9B65-20ACCBDB2636}
	EndGlobalSection
EndGlobal
